
Microsoft Visual Studio Solution File, Format Version 12.00
# Visual Studio Version 16
VisualStudioVersion = 16.0.30406.217
MinimumVisualStudioVersion = 10.0.40219.1
Project("{FAE04EC0-301F-11D3-BF4B-00C04F79EFBC}") = "SolidEdgeEventManager", "SolidEdgeEventManager.csproj", "{143346E0-31A0-43FA-8CDB-9821706E4C2F}"
EndProject
Global
	GlobalSection(SolutionConfigurationPlatforms) = preSolution
		Debug|Any CPU = Debug|Any CPU
		Release|Any CPU = Release|Any CPU
	EndGlobalSection
	GlobalSection(ProjectConfigurationPlatforms) = postSolution
		{143346E0-31A0-43FA-8CDB-9821706E4C2F}.Debug|Any CPU.ActiveCfg = Debug|Any CPU
		{143346E0-31A0-43FA-8CDB-9821706E4C2F}.Debug|Any CPU.Build.0 = Debug|Any CPU
		{143346E0-31A0-43FA-8CDB-9821706E4C2F}.Release|Any CPU.ActiveCfg = Release|Any CPU
		{143346E0-31A0-43FA-8CDB-9821706E4C2F}.Release|Any CPU.Build.0 = Release|Any CPU
	EndGlobalSection
	GlobalSection(SolutionProperties) = preSolution
		HideSolutionNode = FALSE
	EndGlobalSection
	GlobalSection(ExtensibilityGlobals) = postSolution
		SolutionGuid = {512A0514-D64E-4C81-8275-33DFBD20C30C}
	EndGlobalSection
EndGlobal
